
Microsoft Visual Studio Solution File, Format Version 12.00
# Visual Studio Version 17
VisualStudioVersion = 17.7.34221.43
MinimumVisualStudioVersion = 10.0.40219.1
Project("{8BC9CEB8-8B4A-11D0-8D11-00A0C91BC942}") = "APP Assessment 3", "APP Assessment 3\APP Assessment 3.vcxproj", "{F233C6F8-3AAC-4248-B60D-1FE00F4B5866}"
EndProject
Global
	GlobalSection(SolutionConfigurationPlatforms) = preSolution
		Debug|x64 = Debug|x64
		Debug|x86 = Debug|x86
		Release|x64 = Release|x64
		Release|x86 = Release|x86
	EndGlobalSection
	GlobalSection(ProjectConfigurationPlatforms) = postSolution
		{F233C6F8-3AAC-4248-B60D-1FE00F4B5866}.Debug|x64.ActiveCfg = Debug|x64
		{F233C6F8-3AAC-4248-B60D-1FE00F4B5866}.Debug|x64.Build.0 = Debug|x64
		{F233C6F8-3AAC-4248-B60D-1FE00F4B5866}.Debug|x86.ActiveCfg = Debug|Win32
		{F233C6F8-3AAC-4248-B60D-1FE00F4B5866}.Debug|x86.Build.0 = Debug|Win32
		{F233C6F8-3AAC-4248-B60D-1FE00F4B5866}.Release|x64.ActiveCfg = Release|x64
		{F233C6F8-3AAC-4248-B60D-1FE00F4B5866}.Release|x64.Build.0 = Release|x64
		{F233C6F8-3AAC-4248-B60D-1FE00F4B5866}.Release|x86.ActiveCfg = Release|Win32
		{F233C6F8-3AAC-4248-B60D-1FE00F4B5866}.Release|x86.Build.0 = Release|Win32
	EndGlobalSection
	GlobalSection(SolutionProperties) = preSolution
		HideSolutionNode = FALSE
	EndGlobalSection
	GlobalSection(ExtensibilityGlobals) = postSolution
		SolutionGuid = {A16E6435-4415-4AD5-8600-A394B7FEC48B}
	EndGlobalSection
EndGlobal
